
Microsoft Visual Studio Solution File, Format Version 12.00
# Visual Studio 15
VisualStudioVersion = 15.0.28307.489
MinimumVisualStudioVersion = 10.0.40219.1
Project("{9A19103F-16F7-4668-BE54-9A1E7A4F7556}") = "01.ReverseArray", "01.ReverseArray\01.ReverseArray.csproj", "{5D273D4E-7F87-4FA7-9C0E-4696BEBE49EA}"
EndProject
Project("{9A19103F-16F7-4668-BE54-9A1E7A4F7556}") = "02.NestedLoops", "02.NestedLoops\02.NestedLoops.csproj", "{69FFC32F-80DE-4C11-A121-94BA5A3228B6}"
EndProject
Project("{9A19103F-16F7-4668-BE54-9A1E7A4F7556}") = "03.CombinationsWithRepetition", "03.CombinationsWithRepetition\03.CombinationsWithRepetition.csproj", "{4F6CB1EA-03F1-4828-9F8A-167D6CA36A7E}"
EndProject
Project("{FAE04EC0-301F-11D3-BF4B-00C04F79EFBC}") = "04.TowerOfHanoi", "04.TowerOfHanoi\04.TowerOfHanoi.csproj", "{7058622A-F490-457F-95A1-EB1688B052BE}"
EndProject
Global
	GlobalSection(SolutionConfigurationPlatforms) = preSolution
		Debug|Any CPU = Debug|Any CPU
		Release|Any CPU = Release|Any CPU
	EndGlobalSection
	GlobalSection(ProjectConfigurationPlatforms) = postSolution
		{5D273D4E-7F87-4FA7-9C0E-4696BEBE49EA}.Debug|Any CPU.ActiveCfg = Debug|Any CPU
		{5D273D4E-7F87-4FA7-9C0E-4696BEBE49EA}.Debug|Any CPU.Build.0 = Debug|Any CPU
		{5D273D4E-7F87-4FA7-9C0E-4696BEBE49EA}.Release|Any CPU.ActiveCfg = Release|Any CPU
		{5D273D4E-7F87-4FA7-9C0E-4696BEBE49EA}.Release|Any CPU.Build.0 = Release|Any CPU
		{69FFC32F-80DE-4C11-A121-94BA5A3228B6}.Debug|Any CPU.ActiveCfg = Debug|Any CPU
		{69FFC32F-80DE-4C11-A121-94BA5A3228B6}.Debug|Any CPU.Build.0 = Debug|Any CPU
		{69FFC32F-80DE-4C11-A121-94BA5A3228B6}.Release|Any CPU.ActiveCfg = Release|Any CPU
		{69FFC32F-80DE-4C11-A121-94BA5A3228B6}.Release|Any CPU.Build.0 = Release|Any CPU
		{4F6CB1EA-03F1-4828-9F8A-167D6CA36A7E}.Debug|Any CPU.ActiveCfg = Debug|Any CPU
		{4F6CB1EA-03F1-4828-9F8A-167D6CA36A7E}.Debug|Any CPU.Build.0 = Debug|Any CPU
		{4F6CB1EA-03F1-4828-9F8A-167D6CA36A7E}.Release|Any CPU.ActiveCfg = Release|Any CPU
		{4F6CB1EA-03F1-4828-9F8A-167D6CA36A7E}.Release|Any CPU.Build.0 = Release|Any CPU
		{7058622A-F490-457F-95A1-EB1688B052BE}.Debug|Any CPU.ActiveCfg = Debug|Any CPU
		{7058622A-F490-457F-95A1-EB1688B052BE}.Debug|Any CPU.Build.0 = Debug|Any CPU
		{7058622A-F490-457F-95A1-EB1688B052BE}.Release|Any CPU.ActiveCfg = Release|Any CPU
		{7058622A-F490-457F-95A1-EB1688B052BE}.Release|Any CPU.Build.0 = Release|Any CPU
	EndGlobalSection
	GlobalSection(SolutionProperties) = preSolution
		HideSolutionNode = FALSE
	EndGlobalSection
	GlobalSection(ExtensibilityGlobals) = postSolution
		SolutionGuid = {A5CDE9DB-2942-45C7-B6D7-208CDCFB05B4}
	EndGlobalSection
EndGlobal
