
Microsoft Visual Studio Solution File, Format Version 12.00
# Visual Studio Version 16
VisualStudioVersion = 16.0.28803.202
MinimumVisualStudioVersion = 10.0.40219.1
Project("{FAE04EC0-301F-11D3-BF4B-00C04F79EFBC}") = "1FractionalKnapsack", "1FractionalKnapsack\1FractionalKnapsack.csproj", "{325CF0EF-7396-497A-9FF6-FBA052560CE1}"
EndProject
Project("{FAE04EC0-301F-11D3-BF4B-00C04F79EFBC}") = "ProcessorScheduling", "ProcessorScheduling\ProcessorScheduling.csproj", "{6FD47222-6EF2-4C9A-BD21-5178EF343861}"
EndProject
Global
	GlobalSection(SolutionConfigurationPlatforms) = preSolution
		Debug|Any CPU = Debug|Any CPU
		Release|Any CPU = Release|Any CPU
	EndGlobalSection
	GlobalSection(ProjectConfigurationPlatforms) = postSolution
		{325CF0EF-7396-497A-9FF6-FBA052560CE1}.Debug|Any CPU.ActiveCfg = Debug|Any CPU
		{325CF0EF-7396-497A-9FF6-FBA052560CE1}.Debug|Any CPU.Build.0 = Debug|Any CPU
		{325CF0EF-7396-497A-9FF6-FBA052560CE1}.Release|Any CPU.ActiveCfg = Release|Any CPU
		{325CF0EF-7396-497A-9FF6-FBA052560CE1}.Release|Any CPU.Build.0 = Release|Any CPU
		{6FD47222-6EF2-4C9A-BD21-5178EF343861}.Debug|Any CPU.ActiveCfg = Debug|Any CPU
		{6FD47222-6EF2-4C9A-BD21-5178EF343861}.Debug|Any CPU.Build.0 = Debug|Any CPU
		{6FD47222-6EF2-4C9A-BD21-5178EF343861}.Release|Any CPU.ActiveCfg = Release|Any CPU
		{6FD47222-6EF2-4C9A-BD21-5178EF343861}.Release|Any CPU.Build.0 = Release|Any CPU
	EndGlobalSection
	GlobalSection(SolutionProperties) = preSolution
		HideSolutionNode = FALSE
	EndGlobalSection
	GlobalSection(ExtensibilityGlobals) = postSolution
		SolutionGuid = {D5B36BEC-42BC-44D1-92AA-7FCE6752B43F}
	EndGlobalSection
EndGlobal
