
Microsoft Visual Studio Solution File, Format Version 12.00
# Visual Studio Version 16
VisualStudioVersion = 16.0.28803.202
MinimumVisualStudioVersion = 10.0.40219.1
Project("{FAE04EC0-301F-11D3-BF4B-00C04F79EFBC}") = "01.Sorting", "01.Sorting\01.Sorting.csproj", "{79E3E84D-A554-41F6-A9C4-733BCFE2015F}"
EndProject
Global
	GlobalSection(SolutionConfigurationPlatforms) = preSolution
		Debug|Any CPU = Debug|Any CPU
		Release|Any CPU = Release|Any CPU
	EndGlobalSection
	GlobalSection(ProjectConfigurationPlatforms) = postSolution
		{79E3E84D-A554-41F6-A9C4-733BCFE2015F}.Debug|Any CPU.ActiveCfg = Debug|Any CPU
		{79E3E84D-A554-41F6-A9C4-733BCFE2015F}.Debug|Any CPU.Build.0 = Debug|Any CPU
		{79E3E84D-A554-41F6-A9C4-733BCFE2015F}.Release|Any CPU.ActiveCfg = Release|Any CPU
		{79E3E84D-A554-41F6-A9C4-733BCFE2015F}.Release|Any CPU.Build.0 = Release|Any CPU
	EndGlobalSection
	GlobalSection(SolutionProperties) = preSolution
		HideSolutionNode = FALSE
	EndGlobalSection
	GlobalSection(ExtensibilityGlobals) = postSolution
		SolutionGuid = {31257655-6AB6-4CBC-82A9-874F58CA991C}
	EndGlobalSection
EndGlobal
